
Microsoft Visual Studio Solution File, Format Version 12.00
# Visual Studio Version 17
VisualStudioVersion = 17.6.33829.357
MinimumVisualStudioVersion = 10.0.40219.1
Project("{9A19103F-16F7-4668-BE54-9A1E7A4F7556}") = "P01.Person", "P01.Person\P01.Person.csproj", "{EF429CBA-C0E1-4BD8-A6C0-6187DE1543A2}"
EndProject
Project("{9A19103F-16F7-4668-BE54-9A1E7A4F7556}") = "PlayersAndMonsters", "PlayersAndMonsters\PlayersAndMonsters.csproj", "{537812D6-7A98-426C-8ABA-ED240C50AF09}"
EndProject
Project("{9A19103F-16F7-4668-BE54-9A1E7A4F7556}") = "NeedForSpeed", "NeedForSpeed\NeedForSpeed.csproj", "{3D4B5E32-5F7B-4FD2-9862-819D22AD44CB}"
EndProject
Project("{9A19103F-16F7-4668-BE54-9A1E7A4F7556}") = "Restaurant", "Restaurant\Restaurant.csproj", "{412B9771-34AB-4DC9-A37E-378459AC1685}"
EndProject
Project("{9A19103F-16F7-4668-BE54-9A1E7A4F7556}") = "Zoo", "Zoo\Zoo.csproj", "{DE52FE00-A13D-41E7-A76F-042606492442}"
EndProject
Global
	GlobalSection(SolutionConfigurationPlatforms) = preSolution
		Debug|Any CPU = Debug|Any CPU
		Release|Any CPU = Release|Any CPU
	EndGlobalSection
	GlobalSection(ProjectConfigurationPlatforms) = postSolution
		{EF429CBA-C0E1-4BD8-A6C0-6187DE1543A2}.Debug|Any CPU.ActiveCfg = Debug|Any CPU
		{EF429CBA-C0E1-4BD8-A6C0-6187DE1543A2}.Debug|Any CPU.Build.0 = Debug|Any CPU
		{EF429CBA-C0E1-4BD8-A6C0-6187DE1543A2}.Release|Any CPU.ActiveCfg = Release|Any CPU
		{EF429CBA-C0E1-4BD8-A6C0-6187DE1543A2}.Release|Any CPU.Build.0 = Release|Any CPU
		{537812D6-7A98-426C-8ABA-ED240C50AF09}.Debug|Any CPU.ActiveCfg = Debug|Any CPU
		{537812D6-7A98-426C-8ABA-ED240C50AF09}.Debug|Any CPU.Build.0 = Debug|Any CPU
		{537812D6-7A98-426C-8ABA-ED240C50AF09}.Release|Any CPU.ActiveCfg = Release|Any CPU
		{537812D6-7A98-426C-8ABA-ED240C50AF09}.Release|Any CPU.Build.0 = Release|Any CPU
		{3D4B5E32-5F7B-4FD2-9862-819D22AD44CB}.Debug|Any CPU.ActiveCfg = Debug|Any CPU
		{3D4B5E32-5F7B-4FD2-9862-819D22AD44CB}.Debug|Any CPU.Build.0 = Debug|Any CPU
		{3D4B5E32-5F7B-4FD2-9862-819D22AD44CB}.Release|Any CPU.ActiveCfg = Release|Any CPU
		{3D4B5E32-5F7B-4FD2-9862-819D22AD44CB}.Release|Any CPU.Build.0 = Release|Any CPU
		{412B9771-34AB-4DC9-A37E-378459AC1685}.Debug|Any CPU.ActiveCfg = Debug|Any CPU
		{412B9771-34AB-4DC9-A37E-378459AC1685}.Debug|Any CPU.Build.0 = Debug|Any CPU
		{412B9771-34AB-4DC9-A37E-378459AC1685}.Release|Any CPU.ActiveCfg = Release|Any CPU
		{412B9771-34AB-4DC9-A37E-378459AC1685}.Release|Any CPU.Build.0 = Release|Any CPU
		{DE52FE00-A13D-41E7-A76F-042606492442}.Debug|Any CPU.ActiveCfg = Debug|Any CPU
		{DE52FE00-A13D-41E7-A76F-042606492442}.Debug|Any CPU.Build.0 = Debug|Any CPU
		{DE52FE00-A13D-41E7-A76F-042606492442}.Release|Any CPU.ActiveCfg = Release|Any CPU
		{DE52FE00-A13D-41E7-A76F-042606492442}.Release|Any CPU.Build.0 = Release|Any CPU
	EndGlobalSection
	GlobalSection(SolutionProperties) = preSolution
		HideSolutionNode = FALSE
	EndGlobalSection
	GlobalSection(ExtensibilityGlobals) = postSolution
		SolutionGuid = {03FA56AB-8BEB-490C-A05B-E35756E5CB87}
	EndGlobalSection
EndGlobal
